
Microsoft Visual Studio Solution File, Format Version 12.00
# Visual Studio 14
VisualStudioVersion = 14.0.25420.1
MinimumVisualStudioVersion = 10.0.40219.1
Project("{F2A71F9B-5D33-465A-A702-920D77279786}") = "Audience1", "Audience1\Audience1.fsproj", "{EC0A0C00-4B92-4288-B62E-EB60AE52F3A9}"
EndProject
Project("{F2A71F9B-5D33-465A-A702-920D77279786}") = "Audience2", "Audience2\Audience2.fsproj", "{2D714D8F-C969-4621-B1D7-B3E88F3E3672}"
EndProject
Project("{F2A71F9B-5D33-465A-A702-920D77279786}") = "SuaveJwt", "SuaveJwt\SuaveJwt.fsproj", "{E3F758D6-7C76-4ACD-959E-7AAB5B6F131C}"
EndProject
Project("{F2A71F9B-5D33-465A-A702-920D77279786}") = "SuaveJwt.AuthServerHost", "SuaveJwt.AuthServerHost\SuaveJwt.AuthServerHost.fsproj", "{7F40910D-60F3-4132-9F23-7EAD88483D11}"
EndProject
Global
	GlobalSection(SolutionConfigurationPlatforms) = preSolution
		Debug|Any CPU = Debug|Any CPU
		Release|Any CPU = Release|Any CPU
	EndGlobalSection
	GlobalSection(ProjectConfigurationPlatforms) = postSolution
		{EC0A0C00-4B92-4288-B62E-EB60AE52F3A9}.Debug|Any CPU.ActiveCfg = Debug|Any CPU
		{EC0A0C00-4B92-4288-B62E-EB60AE52F3A9}.Debug|Any CPU.Build.0 = Debug|Any CPU
		{EC0A0C00-4B92-4288-B62E-EB60AE52F3A9}.Release|Any CPU.ActiveCfg = Release|Any CPU
		{EC0A0C00-4B92-4288-B62E-EB60AE52F3A9}.Release|Any CPU.Build.0 = Release|Any CPU
		{2D714D8F-C969-4621-B1D7-B3E88F3E3672}.Debug|Any CPU.ActiveCfg = Debug|Any CPU
		{2D714D8F-C969-4621-B1D7-B3E88F3E3672}.Debug|Any CPU.Build.0 = Debug|Any CPU
		{2D714D8F-C969-4621-B1D7-B3E88F3E3672}.Release|Any CPU.ActiveCfg = Release|Any CPU
		{2D714D8F-C969-4621-B1D7-B3E88F3E3672}.Release|Any CPU.Build.0 = Release|Any CPU
		{E3F758D6-7C76-4ACD-959E-7AAB5B6F131C}.Debug|Any CPU.ActiveCfg = Debug|Any CPU
		{E3F758D6-7C76-4ACD-959E-7AAB5B6F131C}.Debug|Any CPU.Build.0 = Debug|Any CPU
		{E3F758D6-7C76-4ACD-959E-7AAB5B6F131C}.Release|Any CPU.ActiveCfg = Release|Any CPU
		{E3F758D6-7C76-4ACD-959E-7AAB5B6F131C}.Release|Any CPU.Build.0 = Release|Any CPU
		{7F40910D-60F3-4132-9F23-7EAD88483D11}.Debug|Any CPU.ActiveCfg = Debug|Any CPU
		{7F40910D-60F3-4132-9F23-7EAD88483D11}.Debug|Any CPU.Build.0 = Debug|Any CPU
		{7F40910D-60F3-4132-9F23-7EAD88483D11}.Release|Any CPU.ActiveCfg = Release|Any CPU
		{7F40910D-60F3-4132-9F23-7EAD88483D11}.Release|Any CPU.Build.0 = Release|Any CPU
	EndGlobalSection
	GlobalSection(SolutionProperties) = preSolution
		HideSolutionNode = FALSE
	EndGlobalSection
EndGlobal
